{
    "version": 3,
    "terraform_version": "0.11.10",
    "serial": 3,
    "lineage": "31426f63-23a5-a933-3e6c-a73de6079282",
    "modules": [
        {
            "path": [
                "root"
            ],
            "outputs": {
                "public_ip_address": {
                    "sensitive": false,
                    "type": "string",
                    "value": "40.76.3.201"
                }
            },
            "resources": {
                "azurerm_network_security_group.myterraformnsg": {
                    "type": "azurerm_network_security_group",
                    "depends_on": [
                        "azurerm_resource_group.myterraformgroup"
                    ],
                    "primary": {
                        "id": "/subscriptions/01d30864-ddfb-4ca5-a7fa-2e06889912d6/resourceGroups/myResourceGroup/providers/Microsoft.Network/networkSecurityGroups/myNetworkSecurityGroup",
                        "attributes": {
                            "id": "/subscriptions/01d30864-ddfb-4ca5-a7fa-2e06889912d6/resourceGroups/myResourceGroup/providers/Microsoft.Network/networkSecurityGroups/myNetworkSecurityGroup",
                            "location": "eastus",
                            "name": "myNetworkSecurityGroup",
                            "resource_group_name": "myResourceGroup",
                            "security_rule.#": "3",
                            "security_rule.1816084032.access": "Allow",
                            "security_rule.1816084032.description": "",
                            "security_rule.1816084032.destination_address_prefix": "*",
                            "security_rule.1816084032.destination_address_prefixes.#": "0",
                            "security_rule.1816084032.destination_application_security_group_ids.#": "0",
                            "security_rule.1816084032.destination_port_range": "22",
                            "security_rule.1816084032.destination_port_ranges.#": "0",
                            "security_rule.1816084032.direction": "Inbound",
                            "security_rule.1816084032.name": "SSH",
                            "security_rule.1816084032.priority": "1000",
                            "security_rule.1816084032.protocol": "Tcp",
                            "security_rule.1816084032.source_address_prefix": "*",
                            "security_rule.1816084032.source_address_prefixes.#": "0",
                            "security_rule.1816084032.source_application_security_group_ids.#": "0",
                            "security_rule.1816084032.source_port_range": "*",
                            "security_rule.1816084032.source_port_ranges.#": "0",
                            "security_rule.2514850808.access": "Allow",
                            "security_rule.2514850808.description": "",
                            "security_rule.2514850808.destination_address_prefix": "*",
                            "security_rule.2514850808.destination_address_prefixes.#": "0",
                            "security_rule.2514850808.destination_application_security_group_ids.#": "0",
                            "security_rule.2514850808.destination_port_range": "1337",
                            "security_rule.2514850808.destination_port_ranges.#": "0",
                            "security_rule.2514850808.direction": "Inbound",
                            "security_rule.2514850808.name": "NODE.js",
                            "security_rule.2514850808.priority": "1002",
                            "security_rule.2514850808.protocol": "*",
                            "security_rule.2514850808.source_address_prefix": "*",
                            "security_rule.2514850808.source_address_prefixes.#": "0",
                            "security_rule.2514850808.source_application_security_group_ids.#": "0",
                            "security_rule.2514850808.source_port_range": "*",
                            "security_rule.2514850808.source_port_ranges.#": "0",
                            "security_rule.848889767.access": "Allow",
                            "security_rule.848889767.description": "",
                            "security_rule.848889767.destination_address_prefix": "*",
                            "security_rule.848889767.destination_address_prefixes.#": "0",
                            "security_rule.848889767.destination_application_security_group_ids.#": "0",
                            "security_rule.848889767.destination_port_range": "8080",
                            "security_rule.848889767.destination_port_ranges.#": "0",
                            "security_rule.848889767.direction": "Inbound",
                            "security_rule.848889767.name": "Jenkins",
                            "security_rule.848889767.priority": "1001",
                            "security_rule.848889767.protocol": "*",
                            "security_rule.848889767.source_address_prefix": "*",
                            "security_rule.848889767.source_address_prefixes.#": "0",
                            "security_rule.848889767.source_application_security_group_ids.#": "0",
                            "security_rule.848889767.source_port_range": "*",
                            "security_rule.848889767.source_port_ranges.#": "0",
                            "tags.%": "1",
                            "tags.environment": "DevOpsTestApp"
                        },
                        "meta": {},
                        "tainted": false
                    },
                    "deposed": [],
                    "provider": "provider.azurerm"
                },
                "azurerm_public_ip.myterraformpublicip": {
                    "type": "azurerm_public_ip",
                    "depends_on": [
                        "azurerm_resource_group.myterraformgroup"
                    ],
                    "primary": {
                        "id": "/subscriptions/01d30864-ddfb-4ca5-a7fa-2e06889912d6/resourceGroups/myResourceGroup/providers/Microsoft.Network/publicIPAddresses/myPublicIP",
                        "attributes": {
                            "id": "/subscriptions/01d30864-ddfb-4ca5-a7fa-2e06889912d6/resourceGroups/myResourceGroup/providers/Microsoft.Network/publicIPAddresses/myPublicIP",
                            "idle_timeout_in_minutes": "4",
                            "ip_address": "40.76.3.201",
                            "ip_version": "ipv4",
                            "location": "eastus",
                            "name": "myPublicIP",
                            "public_ip_address_allocation": "dynamic",
                            "resource_group_name": "myResourceGroup",
                            "sku": "Basic",
                            "tags.%": "1",
                            "tags.environment": "DevOpsTestApp",
                            "zones.#": "0"
                        },
                        "meta": {},
                        "tainted": false
                    },
                    "deposed": [],
                    "provider": "provider.azurerm"
                },
                "azurerm_resource_group.myterraformgroup": {
                    "type": "azurerm_resource_group",
                    "depends_on": [],
                    "primary": {
                        "id": "/subscriptions/01d30864-ddfb-4ca5-a7fa-2e06889912d6/resourceGroups/myResourceGroup",
                        "attributes": {
                            "id": "/subscriptions/01d30864-ddfb-4ca5-a7fa-2e06889912d6/resourceGroups/myResourceGroup",
                            "location": "eastus",
                            "name": "myResourceGroup",
                            "tags.%": "1",
                            "tags.environment": "DevOpsTestApp"
                        },
                        "meta": {},
                        "tainted": false
                    },
                    "deposed": [],
                    "provider": "provider.azurerm"
                }
            },
            "depends_on": []
        }
    ]
}
